
Microsoft Visual Studio Solution File, Format Version 12.00
# Visual Studio 15
VisualStudioVersion = 15.0.27703.2000
MinimumVisualStudioVersion = 10.0.40219.1
Project("{FAE04EC0-301F-11D3-BF4B-00C04F79EFBC}") = "NetStandardLibrary", "NetStandardLibrary\NetStandardLibrary.csproj", "{F20A2EAB-8E7B-47BE-A06F-CD5C2448646D}"
EndProject
Project("{9A19103F-16F7-4668-BE54-9A1E7A4F7556}") = "ConsoleApp_NET_Core", "ConsoleApp_NET_Core\ConsoleApp_NET_Core.csproj", "{6478CE35-6511-4AD7-959C-FD68251F8C9B}"
EndProject
Project("{FAE04EC0-301F-11D3-BF4B-00C04F79EFBC}") = "ConsoleApp4.7.1", "ConsoleApp_4.7.x\ConsoleApp4.7.1.csproj", "{D21A8565-3D84-4F71-B55E-62CC07221085}"
EndProject
Global
	GlobalSection(SolutionConfigurationPlatforms) = preSolution
		Debug|Any CPU = Debug|Any CPU
		Release|Any CPU = Release|Any CPU
	EndGlobalSection
	GlobalSection(ProjectConfigurationPlatforms) = postSolution
		{F20A2EAB-8E7B-47BE-A06F-CD5C2448646D}.Debug|Any CPU.ActiveCfg = Debug|Any CPU
		{F20A2EAB-8E7B-47BE-A06F-CD5C2448646D}.Debug|Any CPU.Build.0 = Debug|Any CPU
		{F20A2EAB-8E7B-47BE-A06F-CD5C2448646D}.Release|Any CPU.ActiveCfg = Release|Any CPU
		{F20A2EAB-8E7B-47BE-A06F-CD5C2448646D}.Release|Any CPU.Build.0 = Release|Any CPU
		{6478CE35-6511-4AD7-959C-FD68251F8C9B}.Debug|Any CPU.ActiveCfg = Debug|Any CPU
		{6478CE35-6511-4AD7-959C-FD68251F8C9B}.Debug|Any CPU.Build.0 = Debug|Any CPU
		{6478CE35-6511-4AD7-959C-FD68251F8C9B}.Release|Any CPU.ActiveCfg = Release|Any CPU
		{6478CE35-6511-4AD7-959C-FD68251F8C9B}.Release|Any CPU.Build.0 = Release|Any CPU
		{D21A8565-3D84-4F71-B55E-62CC07221085}.Debug|Any CPU.ActiveCfg = Debug|Any CPU
		{D21A8565-3D84-4F71-B55E-62CC07221085}.Debug|Any CPU.Build.0 = Debug|Any CPU
		{D21A8565-3D84-4F71-B55E-62CC07221085}.Release|Any CPU.ActiveCfg = Release|Any CPU
		{D21A8565-3D84-4F71-B55E-62CC07221085}.Release|Any CPU.Build.0 = Release|Any CPU
	EndGlobalSection
	GlobalSection(SolutionProperties) = preSolution
		HideSolutionNode = FALSE
	EndGlobalSection
	GlobalSection(ExtensibilityGlobals) = postSolution
		SolutionGuid = {C93069A2-4630-4C5C-BD99-4FB4DDE10FA4}
	EndGlobalSection
EndGlobal
